{
  "version": "3",
  "packages": {
    "specifiers": {
      "jsr:@tui/inputs": "jsr:@tui/inputs@0.0.1",
      "jsr:@tui/nice@^0.5": "jsr:@tui/nice@0.5.5",
      "jsr:@tui/signals@^0": "jsr:@tui/signals@0.0.5",
      "jsr:@tui/strings": "jsr:@tui/strings@0.1.1",
      "jsr:@tui/strings@^0": "jsr:@tui/strings@0.1.1",
      "npm:@types/node": "npm:@types/node@18.16.19"
    },
    "jsr": {
      "@tui/inputs@0.0.1": {
        "integrity": "4310f1d6de2d5b25b0ca5030b4849535bda3e5c20ff1bce8dbfa1b753a315efd"
      },
      "@tui/nice@0.5.5": {
        "integrity": "712194de80b91a8f8729222e4c93054f2d74ea923d5243b683d09e24cec72c35",
        "dependencies": [
          "jsr:@tui/signals@^0",
          "jsr:@tui/strings@^0"
        ]
      },
      "@tui/signals@0.0.5": {
        "integrity": "01ac7d04d16ab6d9a7dbdec179a4c00276663ad40f55c48d19674d08e8f5b3c2"
      },
      "@tui/strings@0.1.1": {
        "integrity": "fe9fa432e216458f539046947515a56c65b60b70ebe927b005422d329c25ad08"
      }
    },
    "npm": {
      "@types/node@18.16.19": {
        "integrity": "sha512-IXl7o+R9iti9eBW4Wg2hx1xQDig183jj7YLn8F7udNceyfkbn1ZxmzZXuak20gR40D7pIkIY1kYGx5VIGbaHKA==",
        "dependencies": {}
      }
    }
  },
  "remote": {},
  "workspace": {
    "dependencies": [
      "jsr:@crayon/color-support@2.1.0",
      "jsr:@crayon/crayon@4.0.0-alpha.4",
      "jsr:@tui/inputs",
      "jsr:@tui/nice@^0.5",
      "jsr:@tui/signals@^0",
      "jsr:@tui/strings"
    ]
  }
}
