{
  "version": "4",
  "specifiers": {
    "jsr:@beast/compat@~0.1.2": "0.1.2",
    "jsr:@crayon/color-support@2.1.0": "2.1.0",
    "jsr:@crayon/crayon@4.0.0-alpha.4": "4.0.0-alpha.4",
    "jsr:@tui/inputs@0": "0.0.1",
    "jsr:@tui/nice@0.5": "0.5.7",
    "jsr:@tui/signals@0": "0.0.8",
    "jsr:@tui/strings@0": "0.1.1"
  },
  "jsr": {
    "@beast/compat@0.1.2": {
      "integrity": "f7837b100e3f4518e114f823570a1a1a2e49efaa7ed41de12eb5e079749f573f"
    },
    "@crayon/color-support@2.1.0": {
      "integrity": "7901b177733e10526b78c2ca4f784550d6f7a38b992913f23ebcfc26ffee1398",
      "dependencies": [
        "jsr:@beast/compat"
      ]
    },
    "@crayon/crayon@4.0.0-alpha.4": {
      "integrity": "812afa0488d6b2a3691d23540493b2280e627ed0aa88ed8161625327b24467b2"
    },
    "@tui/inputs@0.0.1": {
      "integrity": "4310f1d6de2d5b25b0ca5030b4849535bda3e5c20ff1bce8dbfa1b753a315efd"
    },
    "@tui/nice@0.5.7": {
      "integrity": "ae0c3a6d548255ed0d739bc6cbdbfb81698916f1e0c3d59038c8457745588809",
      "dependencies": [
        "jsr:@tui/signals",
        "jsr:@tui/strings"
      ]
    },
    "@tui/signals@0.0.8": {
      "integrity": "296f28c7da6921567c8b5310bcceb9591c87a072ad020367afcd3a2a6665796f"
    },
    "@tui/strings@0.1.1": {
      "integrity": "fe9fa432e216458f539046947515a56c65b60b70ebe927b005422d329c25ad08"
    }
  },
  "workspace": {
    "dependencies": [
      "jsr:@crayon/color-support@2.1.0",
      "jsr:@crayon/crayon@4.0.0-alpha.4",
      "jsr:@tui/inputs@0",
      "jsr:@tui/nice@0.5",
      "jsr:@tui/signals@0",
      "jsr:@tui/strings@0"
    ]
  }
}
